{
  "name": "ngx-editable-material-table",
  "version": "0.1.0",
  "lockfileVersion": 3,
  "requires": true,
  "packages": {
    "": {
      "name": "ngx-editable-material-table",
      "version": "0.1.0",
      "license": "MIT",
      "dependencies": {
        "tslib": "^2.8.1"
      },
      "peerDependencies": {
        "@angular/common": "^20.0.2",
        "@angular/core": "^20.0.2",
        "@angular/material": "^20.0.2"
      }
    },
    "node_modules/@angular/cdk": {
      "version": "20.0.2",
      "resolved": "https://registry.npmjs.org/@angular/cdk/-/cdk-20.0.2.tgz",
      "integrity": "sha512-gRQcpTNhnwBxXSmpnrljODUHQmB2Hnxc6L2Ad6mSMV+c3opd9KIFxL5eG2WOOPHGAaPrV4gNFw+t1i01U4grTg==",
      "license": "MIT",
      "peer": true,
      "dependencies": {
        "parse5": "^7.1.2",
        "tslib": "^2.3.0"
      },
      "peerDependencies": {
        "@angular/common": "^20.0.0 || ^21.0.0",
        "@angular/core": "^20.0.0 || ^21.0.0",
        "rxjs": "^6.5.3 || ^7.4.0"
      }
    },
    "node_modules/@angular/common": {
      "version": "20.0.2",
      "resolved": "https://registry.npmjs.org/@angular/common/-/common-20.0.2.tgz",
      "integrity": "sha512-dqzKFL2MgPpQiaY9ZyDhGZYWEXblsqofW6czH/+HkmlNgSmDCBaY/UhNQShxNQ0KQbR1o08OWuQr29zxkY1CMA==",
      "license": "MIT",
      "peer": true,
      "dependencies": {
        "tslib": "^2.3.0"
      },
      "engines": {
        "node": "^20.19.0 || ^22.12.0 || >=24.0.0"
      },
      "peerDependencies": {
        "@angular/core": "20.0.2",
        "rxjs": "^6.5.3 || ^7.4.0"
      }
    },
    "node_modules/@angular/core": {
      "version": "20.0.2",
      "resolved": "https://registry.npmjs.org/@angular/core/-/core-20.0.2.tgz",
      "integrity": "sha512-z9L8WPrHTkfupHtpO6aW4KqcqigIhxcQwCaEMgXWc5WJkoiMJSfo/dk+cyiGjCfTkc5Y6DO6f6ERi0IWYWWbPA==",
      "license": "MIT",
      "peer": true,
      "dependencies": {
        "tslib": "^2.3.0"
      },
      "engines": {
        "node": "^20.19.0 || ^22.12.0 || >=24.0.0"
      },
      "peerDependencies": {
        "@angular/compiler": "20.0.2",
        "rxjs": "^6.5.3 || ^7.4.0",
        "zone.js": "~0.15.0"
      },
      "peerDependenciesMeta": {
        "@angular/compiler": {
          "optional": true
        },
        "zone.js": {
          "optional": true
        }
      }
    },
    "node_modules/@angular/forms": {
      "version": "20.0.2",
      "resolved": "https://registry.npmjs.org/@angular/forms/-/forms-20.0.2.tgz",
      "integrity": "sha512-RrQKwzFZsEDXsvesNXS4XxndEKZHC+VexIdRr1vlxx7isfvpl4htOxceW0D+Gvku1mnaS99eB/AWS50HxW3B3Q==",
      "license": "MIT",
      "peer": true,
      "dependencies": {
        "tslib": "^2.3.0"
      },
      "engines": {
        "node": "^20.19.0 || ^22.12.0 || >=24.0.0"
      },
      "peerDependencies": {
        "@angular/common": "20.0.2",
        "@angular/core": "20.0.2",
        "@angular/platform-browser": "20.0.2",
        "rxjs": "^6.5.3 || ^7.4.0"
      }
    },
    "node_modules/@angular/material": {
      "version": "20.0.2",
      "resolved": "https://registry.npmjs.org/@angular/material/-/material-20.0.2.tgz",
      "integrity": "sha512-yIXvF+LjFdHjJWyvn1SxbWB9LdNxYnqEKbKzminW4WPXlPJMOAeyhEDFeQv9W92Zv+/ibS4tI3/SD759ejb45g==",
      "license": "MIT",
      "peer": true,
      "dependencies": {
        "tslib": "^2.3.0"
      },
      "peerDependencies": {
        "@angular/cdk": "20.0.2",
        "@angular/common": "^20.0.0 || ^21.0.0",
        "@angular/core": "^20.0.0 || ^21.0.0",
        "@angular/forms": "^20.0.0 || ^21.0.0",
        "@angular/platform-browser": "^20.0.0 || ^21.0.0",
        "rxjs": "^6.5.3 || ^7.4.0"
      }
    },
    "node_modules/@angular/platform-browser": {
      "version": "20.0.2",
      "resolved": "https://registry.npmjs.org/@angular/platform-browser/-/platform-browser-20.0.2.tgz",
      "integrity": "sha512-4adMQSVlwxjY9z/LEk3Q5hr4/qbM9UD9FcqbyZOt3+BL+F2GwGdKzwg6Dj4Dv0Tv8/dudNSVgHc8lIdQ4C7K1w==",
      "license": "MIT",
      "peer": true,
      "dependencies": {
        "tslib": "^2.3.0"
      },
      "engines": {
        "node": "^20.19.0 || ^22.12.0 || >=24.0.0"
      },
      "peerDependencies": {
        "@angular/animations": "20.0.2",
        "@angular/common": "20.0.2",
        "@angular/core": "20.0.2"
      },
      "peerDependenciesMeta": {
        "@angular/animations": {
          "optional": true
        }
      }
    },
    "node_modules/entities": {
      "version": "6.0.0",
      "resolved": "https://registry.npmjs.org/entities/-/entities-6.0.0.tgz",
      "integrity": "sha512-aKstq2TDOndCn4diEyp9Uq/Flu2i1GlLkc6XIDQSDMuaFE3OPW5OphLCyQ5SpSJZTb4reN+kTcYru5yIfXoRPw==",
      "license": "BSD-2-Clause",
      "peer": true,
      "engines": {
        "node": ">=0.12"
      },
      "funding": {
        "url": "https://github.com/fb55/entities?sponsor=1"
      }
    },
    "node_modules/parse5": {
      "version": "7.3.0",
      "resolved": "https://registry.npmjs.org/parse5/-/parse5-7.3.0.tgz",
      "integrity": "sha512-IInvU7fabl34qmi9gY8XOVxhYyMyuH2xUNpb2q8/Y+7552KlejkRvqvD19nMoUW/uQGGbqNpA6Tufu5FL5BZgw==",
      "license": "MIT",
      "peer": true,
      "dependencies": {
        "entities": "^6.0.0"
      },
      "funding": {
        "url": "https://github.com/inikulin/parse5?sponsor=1"
      }
    },
    "node_modules/rxjs": {
      "version": "7.8.1",
      "resolved": "https://registry.npmjs.org/rxjs/-/rxjs-7.8.1.tgz",
      "integrity": "sha512-AA3TVj+0A2iuIoQkWEK/tqFjBq2j+6PO6Y0zJcvzLAFhEFIO3HL0vls9hWLncZbAAbK0mar7oZ4V079I/qPMxg==",
      "peer": true,
      "dependencies": {
        "tslib": "^2.1.0"
      }
    },
    "node_modules/tslib": {
      "version": "2.8.1",
      "resolved": "https://registry.npmjs.org/tslib/-/tslib-2.8.1.tgz",
      "integrity": "sha512-oJFu94HQb+KVduSUQL7wnpmqnfmLsOA/nAh6b6EH0wCEoK0/mPeXU6c3wKDV83MkOuHPRHtSXKKU99IBazS/2w==",
      "license": "0BSD"
    }
  }
}
